
Microsoft Visual Studio Solution File, Format Version 12.00
# Visual Studio 15
Project("{FAE04EC0-301F-11D3-BF4B-00C04F79EFBC}") = "TestingWebProject", "TestingWebProject\TestingWebProject.csproj", "{6BECF450-6BB2-44CF-9AB3-31CC242ED123}"
EndProject
Global
	GlobalSection(SolutionConfigurationPlatforms) = preSolution
		Debug|Any CPU = Debug|Any CPU
		Release|Any CPU = Release|Any CPU
	EndGlobalSection
	GlobalSection(ProjectConfigurationPlatforms) = postSolution
		{6BECF450-6BB2-44CF-9AB3-31CC242ED123}.Debug|Any CPU.ActiveCfg = Debug|Any CPU
		{6BECF450-6BB2-44CF-9AB3-31CC242ED123}.Debug|Any CPU.Build.0 = Debug|Any CPU
		{6BECF450-6BB2-44CF-9AB3-31CC242ED123}.Release|Any CPU.ActiveCfg = Release|Any CPU
		{6BECF450-6BB2-44CF-9AB3-31CC242ED123}.Release|Any CPU.Build.0 = Release|Any CPU
	EndGlobalSection
EndGlobal
